
Microsoft Visual Studio Solution File, Format Version 12.00
# Visual Studio Version 17
VisualStudioVersion = 17.14.36705.20
MinimumVisualStudioVersion = 10.0.40219.1
Project("{2150E333-8FDC-42A3-9474-1A3956D46DE8}") = "Agent Portal API Gateway", "Agent Portal API Gateway", "{C3F2B55C-3F5B-4052-B615-58B9EDB7FE64}"
EndProject
Project("{FAE04EC0-301F-11D3-BF4B-00C04F79EFBC}") = "AgentPortal.ApiGateway.Implementation", "AgentPortal.ApiGateway.Implementation\AgentPortal.ApiGateway.Implementation.csproj", "{85FE988F-1E50-415E-B9E9-C3F3B4488ECB}"
EndProject
Project("{FAE04EC0-301F-11D3-BF4B-00C04F79EFBC}") = "AgentPortal.ApiGateway.Test", "AgentPortal.ApiGateway.Test\AgentPortal.ApiGateway.Test.csproj", "{770F8AB0-3EF0-4B79-8C65-B126F8BCDCFD}"
EndProject
Project("{2150E333-8FDC-42A3-9474-1A3956D46DE8}") = "1AuthService", "1AuthService", "{02E5F167-BBBD-4183-9B63-D39258F9B131}"
EndProject
Project("{2150E333-8FDC-42A3-9474-1A3956D46DE8}") = "1ChatService", "1ChatService", "{25B3B076-31D8-407F-B025-B38E81957059}"
EndProject
Project("{2150E333-8FDC-42A3-9474-1A3956D46DE8}") = "PolicySearchService", "PolicySearchService", "{82495AEF-C581-4D01-AB40-0D5BCE717AB1}"
EndProject
Project("{2150E333-8FDC-42A3-9474-1A3956D46DE8}") = "DocumentService", "DocumentService", "{D8A5890E-0EA4-43A4-A6B3-515916326324}"
EndProject
Project("{FAE04EC0-301F-11D3-BF4B-00C04F79EFBC}") = "AuthService.Api", "AuthService.Api\AuthService.Api.csproj", "{FE9D8372-D33F-47D9-8C9D-FA6F637031D7}"
EndProject
Project("{FAE04EC0-301F-11D3-BF4B-00C04F79EFBC}") = "AuthService.Implementation", "AuthService.Implementation\AuthService.Implementation.csproj", "{D26D08FD-9F83-4095-8D4D-0073FD41CC49}"
EndProject
Project("{FAE04EC0-301F-11D3-BF4B-00C04F79EFBC}") = "AuthService.Test", "AuthService.Test\AuthService.Test.csproj", "{55F86844-5300-4252-B3CC-97DBE7ADD544}"
EndProject
Project("{FAE04EC0-301F-11D3-BF4B-00C04F79EFBC}") = "ChatService.Implementation", "ChatService.Implementation\ChatService.Implementation.csproj", "{7128D09F-0E86-4967-B7EC-7A940337419F}"
EndProject
Project("{FAE04EC0-301F-11D3-BF4B-00C04F79EFBC}") = "ChatService.Test", "ChatService.Test\ChatService.Test.csproj", "{1A56CB01-15C4-417A-B24E-582E89A3CCD6}"
EndProject
Project("{FAE04EC0-301F-11D3-BF4B-00C04F79EFBC}") = "DocumentService.Api", "DocumentService.Api\DocumentService.Api.csproj", "{2E2988D4-2BF2-4D0E-94E5-1EC3E475DE94}"
EndProject
Project("{FAE04EC0-301F-11D3-BF4B-00C04F79EFBC}") = "DocumentService.Implementation", "DocumentService.Implementation\DocumentService.Implementation.csproj", "{C4522CF8-B41F-424F-825C-76DBF8EAD542}"
EndProject
Project("{FAE04EC0-301F-11D3-BF4B-00C04F79EFBC}") = "DocumentService.Test", "DocumentService.Test\DocumentService.Test.csproj", "{A07BDD42-0A68-4272-BA22-47578F8FD10B}"
EndProject
Project("{FAE04EC0-301F-11D3-BF4B-00C04F79EFBC}") = "PolicySearchService.Test", "PolicySearchService.Test\PolicySearchService.Test.csproj", "{CE6D374D-0123-4A1A-B46E-0A9BB1009F8D}"
EndProject
Project("{FAE04EC0-301F-11D3-BF4B-00C04F79EFBC}") = "PricingService", "PricingService\PricingService.csproj", "{12E328EC-7DE6-DEF2-A111-1BC5A703BC1F}"
EndProject
Project("{FAE04EC0-301F-11D3-BF4B-00C04F79EFBC}") = "PricingService.Api", "PricingService.Api\PricingService.Api.csproj", "{E1BF8FC1-D2FB-B7F7-A0A4-F26308A5148F}"
EndProject
Project("{FAE04EC0-301F-11D3-BF4B-00C04F79EFBC}") = "PricingService.IntegrationTest", "PricingService.IntegrationTest\PricingService.IntegrationTest.csproj", "{54BADB52-6CD6-94C6-B6FA-E0A7D539B9EF}"
EndProject
Project("{FAE04EC0-301F-11D3-BF4B-00C04F79EFBC}") = "PricingService.Test", "PricingService.Test\PricingService.Test.csproj", "{25FFA9DB-EDB2-AF0D-08AD-F27526313D17}"
EndProject
Project("{E24C65DC-7377-472B-9ABA-BC803B73C61A}") = "eureka-server", "eureka-server\", "{E97AA169-5906-9560-1805-7FE7597C83BB}"
	ProjectSection(WebsiteProperties) = preProject
		TargetFrameworkMoniker = ".NETFramework,Version%3Dv4.8"
		Debug.AspNetCompiler.VirtualPath = "/localhost_65144"
		Debug.AspNetCompiler.PhysicalPath = "eureka-server\"
		Debug.AspNetCompiler.TargetPath = "PrecompiledWeb\localhost_65144\"
		Debug.AspNetCompiler.Updateable = "true"
		Debug.AspNetCompiler.ForceOverwrite = "true"
		Debug.AspNetCompiler.FixedNames = "false"
		Debug.AspNetCompiler.Debug = "True"
		Release.AspNetCompiler.VirtualPath = "/localhost_65144"
		Release.AspNetCompiler.PhysicalPath = "eureka-server\"
		Release.AspNetCompiler.TargetPath = "PrecompiledWeb\localhost_65144\"
		Release.AspNetCompiler.Updateable = "true"
		Release.AspNetCompiler.ForceOverwrite = "true"
		Release.AspNetCompiler.FixedNames = "false"
		Release.AspNetCompiler.Debug = "False"
		VWDPort = "65144"
	EndProjectSection
EndProject
Project("{FAE04EC0-301F-11D3-BF4B-00C04F79EFBC}") = "PolicySearchService", "PolicySearchService\PolicySearchService.csproj", "{B3E6729F-40CD-2D44-A57D-0F5C044B2607}"
EndProject
Project("{2150E333-8FDC-42A3-9474-1A3956D46DE8}") = "Pricing Service", "Pricing Service", "{02EA681E-C7D8-13C7-8484-4AC65E1B71E8}"
EndProject
Project("{FAE04EC0-301F-11D3-BF4B-00C04F79EFBC}") = "PolicySearchService.Api", "PolicySearchService.Api\PolicySearchService.Api.csproj", "{2C670D3A-0567-C4FA-0C25-33C5B1E3DD09}"
EndProject
Project("{FAE04EC0-301F-11D3-BF4B-00C04F79EFBC}") = "PolicyService", "PolicyService\PolicyService.csproj", "{0376ABBC-B0CA-D498-83E2-33A2F4F6182A}"
EndProject
Project("{FAE04EC0-301F-11D3-BF4B-00C04F79EFBC}") = "PolicyService.Api", "PolicyService.Api\PolicyService.Api.csproj", "{F2359B45-5A76-DAC1-CE22-F700277D1BBA}"
EndProject
Project("{FAE04EC0-301F-11D3-BF4B-00C04F79EFBC}") = "PolicyService.Test", "PolicyService.Test\PolicyService.Test.csproj", "{165F78C5-A3D7-B031-BEF7-FA054423AEA6}"
EndProject
Project("{2150E333-8FDC-42A3-9474-1A3956D46DE8}") = "PolicyServiceFolder", "PolicyServiceFolder", "{9B40A41A-0CDD-45EF-ACA0-FF06B0ADCFFB}"
EndProject
Project("{FAE04EC0-301F-11D3-BF4B-00C04F79EFBC}") = "AgentPortal.ApiGateway.Api", "AgentPortal.ApiGateway.Api\AgentPortal.ApiGateway.Api.csproj", "{5A0C3A84-D339-4CCC-AD31-8F26DC481994}"
EndProject
Project("{FAE04EC0-301F-11D3-BF4B-00C04F79EFBC}") = "AgentPortalApiGateway", "AgentPortalApiGateway\AgentPortalApiGateway.csproj", "{8BDED974-C717-428C-D7B1-F1A2AF4831F1}"
EndProject
Project("{FAE04EC0-301F-11D3-BF4B-00C04F79EFBC}") = "BlazorWasmClient", "BlazorWasmClient\BlazorWasmClient.csproj", "{8F4F382E-0D66-134B-BD47-51268FCFBA19}"
EndProject
Project("{FAE04EC0-301F-11D3-BF4B-00C04F79EFBC}") = "AuthService", "AuthService\AuthService.csproj", "{6CDAB7B3-DE4F-6FF5-06F0-D824F083F1AF}"
EndProject
Project("{FAE04EC0-301F-11D3-BF4B-00C04F79EFBC}") = "ChatService", "ChatService\ChatService.csproj", "{AC1CD003-DC72-C90D-BDA0-207A89E186BC}"
EndProject
Project("{FAE04EC0-301F-11D3-BF4B-00C04F79EFBC}") = "ChatService.Api", "ChatService.Api\ChatService.Api.csproj", "{BCB534B7-739E-96EC-BFCE-5D5A7A12A36F}"
EndProject
Project("{FAE04EC0-301F-11D3-BF4B-00C04F79EFBC}") = "DashboardService", "DashboardService\DashboardService.csproj", "{EDE85D92-590F-3D65-5534-7D3948744F78}"
EndProject
Project("{2150E333-8FDC-42A3-9474-1A3956D46DE8}") = "1DashBoardService", "1DashBoardService", "{C9502751-C79A-4D3F-9476-A04E44406F5D}"
EndProject
Project("{FAE04EC0-301F-11D3-BF4B-00C04F79EFBC}") = "DashboardService.Api", "DashboardService.Api\DashboardService.Api.csproj", "{A039143E-4A2A-DD22-EC03-771879B0D08A}"
EndProject
Project("{FAE04EC0-301F-11D3-BF4B-00C04F79EFBC}") = "DashboardService.Test", "DashboardService.Test\DashboardService.Test.csproj", "{97651EA6-1D21-3D5D-8AD0-AABA198F3CC9}"
EndProject
Project("{2150E333-8FDC-42A3-9474-1A3956D46DE8}") = "PaymentService", "PaymentService", "{380C4F9B-8797-43A6-BC73-47F9899FACD9}"
EndProject
Project("{FAE04EC0-301F-11D3-BF4B-00C04F79EFBC}") = "PaymentService.Api", "PaymentService.Api\PaymentService.Api.csproj", "{D23C3245-50E8-014D-414F-8DE5873F3DB6}"
EndProject
Project("{FAE04EC0-301F-11D3-BF4B-00C04F79EFBC}") = "PaymentService", "PaymentService\PaymentService.csproj", "{7DDA886F-7022-E231-A5D2-8BDF0FBB44D6}"
EndProject
Project("{FAE04EC0-301F-11D3-BF4B-00C04F79EFBC}") = "PaymentService.Test", "PaymentService.Test\PaymentService.Test.csproj", "{E51C7E77-318E-9383-5070-24E8B08C8DA8}"
EndProject
Project("{2150E333-8FDC-42A3-9474-1A3956D46DE8}") = "ProductService", "ProductService", "{9356FF63-0C22-4224-991B-3F50D2F875B3}"
EndProject
Project("{FAE04EC0-301F-11D3-BF4B-00C04F79EFBC}") = "ProductService", "ProductService\ProductService.csproj", "{6BB5A0E4-A3ED-EBD8-B86F-21996AABC09A}"
EndProject
Project("{FAE04EC0-301F-11D3-BF4B-00C04F79EFBC}") = "ProductService.Api", "ProductService.Api\ProductService.Api.csproj", "{948B931E-367A-A688-41D9-22F99794D491}"
EndProject
Project("{FAE04EC0-301F-11D3-BF4B-00C04F79EFBC}") = "ProductService.Test", "ProductService.Test\ProductService.Test.csproj", "{6D66FB2E-78BC-2590-8478-7EE7A290EBD1}"
EndProject
Global
	GlobalSection(SolutionConfigurationPlatforms) = preSolution
		Debug|Any CPU = Debug|Any CPU
		Release|Any CPU = Release|Any CPU
	EndGlobalSection
	GlobalSection(ProjectConfigurationPlatforms) = postSolution
		{85FE988F-1E50-415E-B9E9-C3F3B4488ECB}.Debug|Any CPU.ActiveCfg = Debug|Any CPU
		{85FE988F-1E50-415E-B9E9-C3F3B4488ECB}.Debug|Any CPU.Build.0 = Debug|Any CPU
		{85FE988F-1E50-415E-B9E9-C3F3B4488ECB}.Release|Any CPU.ActiveCfg = Release|Any CPU
		{85FE988F-1E50-415E-B9E9-C3F3B4488ECB}.Release|Any CPU.Build.0 = Release|Any CPU
		{770F8AB0-3EF0-4B79-8C65-B126F8BCDCFD}.Debug|Any CPU.ActiveCfg = Debug|Any CPU
		{770F8AB0-3EF0-4B79-8C65-B126F8BCDCFD}.Debug|Any CPU.Build.0 = Debug|Any CPU
		{770F8AB0-3EF0-4B79-8C65-B126F8BCDCFD}.Release|Any CPU.ActiveCfg = Release|Any CPU
		{770F8AB0-3EF0-4B79-8C65-B126F8BCDCFD}.Release|Any CPU.Build.0 = Release|Any CPU
		{FE9D8372-D33F-47D9-8C9D-FA6F637031D7}.Debug|Any CPU.ActiveCfg = Debug|Any CPU
		{FE9D8372-D33F-47D9-8C9D-FA6F637031D7}.Debug|Any CPU.Build.0 = Debug|Any CPU
		{FE9D8372-D33F-47D9-8C9D-FA6F637031D7}.Release|Any CPU.ActiveCfg = Release|Any CPU
		{FE9D8372-D33F-47D9-8C9D-FA6F637031D7}.Release|Any CPU.Build.0 = Release|Any CPU
		{D26D08FD-9F83-4095-8D4D-0073FD41CC49}.Debug|Any CPU.ActiveCfg = Debug|Any CPU
		{D26D08FD-9F83-4095-8D4D-0073FD41CC49}.Debug|Any CPU.Build.0 = Debug|Any CPU
		{D26D08FD-9F83-4095-8D4D-0073FD41CC49}.Release|Any CPU.ActiveCfg = Release|Any CPU
		{D26D08FD-9F83-4095-8D4D-0073FD41CC49}.Release|Any CPU.Build.0 = Release|Any CPU
		{55F86844-5300-4252-B3CC-97DBE7ADD544}.Debug|Any CPU.ActiveCfg = Debug|Any CPU
		{55F86844-5300-4252-B3CC-97DBE7ADD544}.Debug|Any CPU.Build.0 = Debug|Any CPU
		{55F86844-5300-4252-B3CC-97DBE7ADD544}.Release|Any CPU.ActiveCfg = Release|Any CPU
		{55F86844-5300-4252-B3CC-97DBE7ADD544}.Release|Any CPU.Build.0 = Release|Any CPU
		{7128D09F-0E86-4967-B7EC-7A940337419F}.Debug|Any CPU.ActiveCfg = Debug|Any CPU
		{7128D09F-0E86-4967-B7EC-7A940337419F}.Debug|Any CPU.Build.0 = Debug|Any CPU
		{7128D09F-0E86-4967-B7EC-7A940337419F}.Release|Any CPU.ActiveCfg = Release|Any CPU
		{7128D09F-0E86-4967-B7EC-7A940337419F}.Release|Any CPU.Build.0 = Release|Any CPU
		{1A56CB01-15C4-417A-B24E-582E89A3CCD6}.Debug|Any CPU.ActiveCfg = Debug|Any CPU
		{1A56CB01-15C4-417A-B24E-582E89A3CCD6}.Debug|Any CPU.Build.0 = Debug|Any CPU
		{1A56CB01-15C4-417A-B24E-582E89A3CCD6}.Release|Any CPU.ActiveCfg = Release|Any CPU
		{1A56CB01-15C4-417A-B24E-582E89A3CCD6}.Release|Any CPU.Build.0 = Release|Any CPU
		{2E2988D4-2BF2-4D0E-94E5-1EC3E475DE94}.Debug|Any CPU.ActiveCfg = Debug|Any CPU
		{2E2988D4-2BF2-4D0E-94E5-1EC3E475DE94}.Debug|Any CPU.Build.0 = Debug|Any CPU
		{2E2988D4-2BF2-4D0E-94E5-1EC3E475DE94}.Release|Any CPU.ActiveCfg = Release|Any CPU
		{2E2988D4-2BF2-4D0E-94E5-1EC3E475DE94}.Release|Any CPU.Build.0 = Release|Any CPU
		{C4522CF8-B41F-424F-825C-76DBF8EAD542}.Debug|Any CPU.ActiveCfg = Debug|Any CPU
		{C4522CF8-B41F-424F-825C-76DBF8EAD542}.Debug|Any CPU.Build.0 = Debug|Any CPU
		{C4522CF8-B41F-424F-825C-76DBF8EAD542}.Release|Any CPU.ActiveCfg = Release|Any CPU
		{C4522CF8-B41F-424F-825C-76DBF8EAD542}.Release|Any CPU.Build.0 = Release|Any CPU
		{A07BDD42-0A68-4272-BA22-47578F8FD10B}.Debug|Any CPU.ActiveCfg = Debug|Any CPU
		{A07BDD42-0A68-4272-BA22-47578F8FD10B}.Debug|Any CPU.Build.0 = Debug|Any CPU
		{A07BDD42-0A68-4272-BA22-47578F8FD10B}.Release|Any CPU.ActiveCfg = Release|Any CPU
		{A07BDD42-0A68-4272-BA22-47578F8FD10B}.Release|Any CPU.Build.0 = Release|Any CPU
		{CE6D374D-0123-4A1A-B46E-0A9BB1009F8D}.Debug|Any CPU.ActiveCfg = Debug|Any CPU
		{CE6D374D-0123-4A1A-B46E-0A9BB1009F8D}.Debug|Any CPU.Build.0 = Debug|Any CPU
		{CE6D374D-0123-4A1A-B46E-0A9BB1009F8D}.Release|Any CPU.ActiveCfg = Release|Any CPU
		{CE6D374D-0123-4A1A-B46E-0A9BB1009F8D}.Release|Any CPU.Build.0 = Release|Any CPU
		{12E328EC-7DE6-DEF2-A111-1BC5A703BC1F}.Debug|Any CPU.ActiveCfg = Debug|Any CPU
		{12E328EC-7DE6-DEF2-A111-1BC5A703BC1F}.Debug|Any CPU.Build.0 = Debug|Any CPU
		{12E328EC-7DE6-DEF2-A111-1BC5A703BC1F}.Release|Any CPU.ActiveCfg = Release|Any CPU
		{12E328EC-7DE6-DEF2-A111-1BC5A703BC1F}.Release|Any CPU.Build.0 = Release|Any CPU
		{E1BF8FC1-D2FB-B7F7-A0A4-F26308A5148F}.Debug|Any CPU.ActiveCfg = Debug|Any CPU
		{E1BF8FC1-D2FB-B7F7-A0A4-F26308A5148F}.Debug|Any CPU.Build.0 = Debug|Any CPU
		{E1BF8FC1-D2FB-B7F7-A0A4-F26308A5148F}.Release|Any CPU.ActiveCfg = Release|Any CPU
		{E1BF8FC1-D2FB-B7F7-A0A4-F26308A5148F}.Release|Any CPU.Build.0 = Release|Any CPU
		{54BADB52-6CD6-94C6-B6FA-E0A7D539B9EF}.Debug|Any CPU.ActiveCfg = Debug|Any CPU
		{54BADB52-6CD6-94C6-B6FA-E0A7D539B9EF}.Debug|Any CPU.Build.0 = Debug|Any CPU
		{54BADB52-6CD6-94C6-B6FA-E0A7D539B9EF}.Release|Any CPU.ActiveCfg = Release|Any CPU
		{54BADB52-6CD6-94C6-B6FA-E0A7D539B9EF}.Release|Any CPU.Build.0 = Release|Any CPU
		{25FFA9DB-EDB2-AF0D-08AD-F27526313D17}.Debug|Any CPU.ActiveCfg = Debug|Any CPU
		{25FFA9DB-EDB2-AF0D-08AD-F27526313D17}.Debug|Any CPU.Build.0 = Debug|Any CPU
		{25FFA9DB-EDB2-AF0D-08AD-F27526313D17}.Release|Any CPU.ActiveCfg = Release|Any CPU
		{25FFA9DB-EDB2-AF0D-08AD-F27526313D17}.Release|Any CPU.Build.0 = Release|Any CPU
		{E97AA169-5906-9560-1805-7FE7597C83BB}.Debug|Any CPU.ActiveCfg = Debug|Any CPU
		{E97AA169-5906-9560-1805-7FE7597C83BB}.Debug|Any CPU.Build.0 = Debug|Any CPU
		{E97AA169-5906-9560-1805-7FE7597C83BB}.Release|Any CPU.ActiveCfg = Debug|Any CPU
		{E97AA169-5906-9560-1805-7FE7597C83BB}.Release|Any CPU.Build.0 = Debug|Any CPU
		{B3E6729F-40CD-2D44-A57D-0F5C044B2607}.Debug|Any CPU.ActiveCfg = Debug|Any CPU
		{B3E6729F-40CD-2D44-A57D-0F5C044B2607}.Debug|Any CPU.Build.0 = Debug|Any CPU
		{B3E6729F-40CD-2D44-A57D-0F5C044B2607}.Release|Any CPU.ActiveCfg = Release|Any CPU
		{B3E6729F-40CD-2D44-A57D-0F5C044B2607}.Release|Any CPU.Build.0 = Release|Any CPU
		{2C670D3A-0567-C4FA-0C25-33C5B1E3DD09}.Debug|Any CPU.ActiveCfg = Debug|Any CPU
		{2C670D3A-0567-C4FA-0C25-33C5B1E3DD09}.Debug|Any CPU.Build.0 = Debug|Any CPU
		{2C670D3A-0567-C4FA-0C25-33C5B1E3DD09}.Release|Any CPU.ActiveCfg = Release|Any CPU
		{2C670D3A-0567-C4FA-0C25-33C5B1E3DD09}.Release|Any CPU.Build.0 = Release|Any CPU
		{0376ABBC-B0CA-D498-83E2-33A2F4F6182A}.Debug|Any CPU.ActiveCfg = Debug|Any CPU
		{0376ABBC-B0CA-D498-83E2-33A2F4F6182A}.Debug|Any CPU.Build.0 = Debug|Any CPU
		{0376ABBC-B0CA-D498-83E2-33A2F4F6182A}.Release|Any CPU.ActiveCfg = Release|Any CPU
		{0376ABBC-B0CA-D498-83E2-33A2F4F6182A}.Release|Any CPU.Build.0 = Release|Any CPU
		{F2359B45-5A76-DAC1-CE22-F700277D1BBA}.Debug|Any CPU.ActiveCfg = Debug|Any CPU
		{F2359B45-5A76-DAC1-CE22-F700277D1BBA}.Debug|Any CPU.Build.0 = Debug|Any CPU
		{F2359B45-5A76-DAC1-CE22-F700277D1BBA}.Release|Any CPU.ActiveCfg = Release|Any CPU
		{F2359B45-5A76-DAC1-CE22-F700277D1BBA}.Release|Any CPU.Build.0 = Release|Any CPU
		{165F78C5-A3D7-B031-BEF7-FA054423AEA6}.Debug|Any CPU.ActiveCfg = Debug|Any CPU
		{165F78C5-A3D7-B031-BEF7-FA054423AEA6}.Debug|Any CPU.Build.0 = Debug|Any CPU
		{165F78C5-A3D7-B031-BEF7-FA054423AEA6}.Release|Any CPU.ActiveCfg = Release|Any CPU
		{165F78C5-A3D7-B031-BEF7-FA054423AEA6}.Release|Any CPU.Build.0 = Release|Any CPU
		{5A0C3A84-D339-4CCC-AD31-8F26DC481994}.Debug|Any CPU.ActiveCfg = Debug|Any CPU
		{5A0C3A84-D339-4CCC-AD31-8F26DC481994}.Debug|Any CPU.Build.0 = Debug|Any CPU
		{5A0C3A84-D339-4CCC-AD31-8F26DC481994}.Release|Any CPU.ActiveCfg = Release|Any CPU
		{5A0C3A84-D339-4CCC-AD31-8F26DC481994}.Release|Any CPU.Build.0 = Release|Any CPU
		{8BDED974-C717-428C-D7B1-F1A2AF4831F1}.Debug|Any CPU.ActiveCfg = Debug|Any CPU
		{8BDED974-C717-428C-D7B1-F1A2AF4831F1}.Debug|Any CPU.Build.0 = Debug|Any CPU
		{8BDED974-C717-428C-D7B1-F1A2AF4831F1}.Release|Any CPU.ActiveCfg = Release|Any CPU
		{8BDED974-C717-428C-D7B1-F1A2AF4831F1}.Release|Any CPU.Build.0 = Release|Any CPU
		{8F4F382E-0D66-134B-BD47-51268FCFBA19}.Debug|Any CPU.ActiveCfg = Debug|Any CPU
		{8F4F382E-0D66-134B-BD47-51268FCFBA19}.Debug|Any CPU.Build.0 = Debug|Any CPU
		{8F4F382E-0D66-134B-BD47-51268FCFBA19}.Release|Any CPU.ActiveCfg = Release|Any CPU
		{8F4F382E-0D66-134B-BD47-51268FCFBA19}.Release|Any CPU.Build.0 = Release|Any CPU
		{6CDAB7B3-DE4F-6FF5-06F0-D824F083F1AF}.Debug|Any CPU.ActiveCfg = Debug|Any CPU
		{6CDAB7B3-DE4F-6FF5-06F0-D824F083F1AF}.Debug|Any CPU.Build.0 = Debug|Any CPU
		{6CDAB7B3-DE4F-6FF5-06F0-D824F083F1AF}.Release|Any CPU.ActiveCfg = Release|Any CPU
		{6CDAB7B3-DE4F-6FF5-06F0-D824F083F1AF}.Release|Any CPU.Build.0 = Release|Any CPU
		{AC1CD003-DC72-C90D-BDA0-207A89E186BC}.Debug|Any CPU.ActiveCfg = Debug|Any CPU
		{AC1CD003-DC72-C90D-BDA0-207A89E186BC}.Debug|Any CPU.Build.0 = Debug|Any CPU
		{AC1CD003-DC72-C90D-BDA0-207A89E186BC}.Release|Any CPU.ActiveCfg = Release|Any CPU
		{AC1CD003-DC72-C90D-BDA0-207A89E186BC}.Release|Any CPU.Build.0 = Release|Any CPU
		{BCB534B7-739E-96EC-BFCE-5D5A7A12A36F}.Debug|Any CPU.ActiveCfg = Debug|Any CPU
		{BCB534B7-739E-96EC-BFCE-5D5A7A12A36F}.Debug|Any CPU.Build.0 = Debug|Any CPU
		{BCB534B7-739E-96EC-BFCE-5D5A7A12A36F}.Release|Any CPU.ActiveCfg = Release|Any CPU
		{BCB534B7-739E-96EC-BFCE-5D5A7A12A36F}.Release|Any CPU.Build.0 = Release|Any CPU
		{EDE85D92-590F-3D65-5534-7D3948744F78}.Debug|Any CPU.ActiveCfg = Debug|Any CPU
		{EDE85D92-590F-3D65-5534-7D3948744F78}.Debug|Any CPU.Build.0 = Debug|Any CPU
		{EDE85D92-590F-3D65-5534-7D3948744F78}.Release|Any CPU.ActiveCfg = Release|Any CPU
		{EDE85D92-590F-3D65-5534-7D3948744F78}.Release|Any CPU.Build.0 = Release|Any CPU
		{A039143E-4A2A-DD22-EC03-771879B0D08A}.Debug|Any CPU.ActiveCfg = Debug|Any CPU
		{A039143E-4A2A-DD22-EC03-771879B0D08A}.Debug|Any CPU.Build.0 = Debug|Any CPU
		{A039143E-4A2A-DD22-EC03-771879B0D08A}.Release|Any CPU.ActiveCfg = Release|Any CPU
		{A039143E-4A2A-DD22-EC03-771879B0D08A}.Release|Any CPU.Build.0 = Release|Any CPU
		{97651EA6-1D21-3D5D-8AD0-AABA198F3CC9}.Debug|Any CPU.ActiveCfg = Debug|Any CPU
		{97651EA6-1D21-3D5D-8AD0-AABA198F3CC9}.Debug|Any CPU.Build.0 = Debug|Any CPU
		{97651EA6-1D21-3D5D-8AD0-AABA198F3CC9}.Release|Any CPU.ActiveCfg = Release|Any CPU
		{97651EA6-1D21-3D5D-8AD0-AABA198F3CC9}.Release|Any CPU.Build.0 = Release|Any CPU
		{D23C3245-50E8-014D-414F-8DE5873F3DB6}.Debug|Any CPU.ActiveCfg = Debug|Any CPU
		{D23C3245-50E8-014D-414F-8DE5873F3DB6}.Debug|Any CPU.Build.0 = Debug|Any CPU
		{D23C3245-50E8-014D-414F-8DE5873F3DB6}.Release|Any CPU.ActiveCfg = Release|Any CPU
		{D23C3245-50E8-014D-414F-8DE5873F3DB6}.Release|Any CPU.Build.0 = Release|Any CPU
		{7DDA886F-7022-E231-A5D2-8BDF0FBB44D6}.Debug|Any CPU.ActiveCfg = Debug|Any CPU
		{7DDA886F-7022-E231-A5D2-8BDF0FBB44D6}.Debug|Any CPU.Build.0 = Debug|Any CPU
		{7DDA886F-7022-E231-A5D2-8BDF0FBB44D6}.Release|Any CPU.ActiveCfg = Release|Any CPU
		{7DDA886F-7022-E231-A5D2-8BDF0FBB44D6}.Release|Any CPU.Build.0 = Release|Any CPU
		{E51C7E77-318E-9383-5070-24E8B08C8DA8}.Debug|Any CPU.ActiveCfg = Debug|Any CPU
		{E51C7E77-318E-9383-5070-24E8B08C8DA8}.Debug|Any CPU.Build.0 = Debug|Any CPU
		{E51C7E77-318E-9383-5070-24E8B08C8DA8}.Release|Any CPU.ActiveCfg = Release|Any CPU
		{E51C7E77-318E-9383-5070-24E8B08C8DA8}.Release|Any CPU.Build.0 = Release|Any CPU
		{6BB5A0E4-A3ED-EBD8-B86F-21996AABC09A}.Debug|Any CPU.ActiveCfg = Debug|Any CPU
		{6BB5A0E4-A3ED-EBD8-B86F-21996AABC09A}.Debug|Any CPU.Build.0 = Debug|Any CPU
		{6BB5A0E4-A3ED-EBD8-B86F-21996AABC09A}.Release|Any CPU.ActiveCfg = Release|Any CPU
		{6BB5A0E4-A3ED-EBD8-B86F-21996AABC09A}.Release|Any CPU.Build.0 = Release|Any CPU
		{948B931E-367A-A688-41D9-22F99794D491}.Debug|Any CPU.ActiveCfg = Debug|Any CPU
		{948B931E-367A-A688-41D9-22F99794D491}.Debug|Any CPU.Build.0 = Debug|Any CPU
		{948B931E-367A-A688-41D9-22F99794D491}.Release|Any CPU.ActiveCfg = Release|Any CPU
		{948B931E-367A-A688-41D9-22F99794D491}.Release|Any CPU.Build.0 = Release|Any CPU
		{6D66FB2E-78BC-2590-8478-7EE7A290EBD1}.Debug|Any CPU.ActiveCfg = Debug|Any CPU
		{6D66FB2E-78BC-2590-8478-7EE7A290EBD1}.Debug|Any CPU.Build.0 = Debug|Any CPU
		{6D66FB2E-78BC-2590-8478-7EE7A290EBD1}.Release|Any CPU.ActiveCfg = Release|Any CPU
		{6D66FB2E-78BC-2590-8478-7EE7A290EBD1}.Release|Any CPU.Build.0 = Release|Any CPU
	EndGlobalSection
	GlobalSection(SolutionProperties) = preSolution
		HideSolutionNode = FALSE
	EndGlobalSection
	GlobalSection(NestedProjects) = preSolution
		{85FE988F-1E50-415E-B9E9-C3F3B4488ECB} = {C3F2B55C-3F5B-4052-B615-58B9EDB7FE64}
		{770F8AB0-3EF0-4B79-8C65-B126F8BCDCFD} = {C3F2B55C-3F5B-4052-B615-58B9EDB7FE64}
		{FE9D8372-D33F-47D9-8C9D-FA6F637031D7} = {02E5F167-BBBD-4183-9B63-D39258F9B131}
		{D26D08FD-9F83-4095-8D4D-0073FD41CC49} = {02E5F167-BBBD-4183-9B63-D39258F9B131}
		{55F86844-5300-4252-B3CC-97DBE7ADD544} = {02E5F167-BBBD-4183-9B63-D39258F9B131}
		{7128D09F-0E86-4967-B7EC-7A940337419F} = {25B3B076-31D8-407F-B025-B38E81957059}
		{1A56CB01-15C4-417A-B24E-582E89A3CCD6} = {25B3B076-31D8-407F-B025-B38E81957059}
		{2E2988D4-2BF2-4D0E-94E5-1EC3E475DE94} = {D8A5890E-0EA4-43A4-A6B3-515916326324}
		{C4522CF8-B41F-424F-825C-76DBF8EAD542} = {D8A5890E-0EA4-43A4-A6B3-515916326324}
		{A07BDD42-0A68-4272-BA22-47578F8FD10B} = {D8A5890E-0EA4-43A4-A6B3-515916326324}
		{CE6D374D-0123-4A1A-B46E-0A9BB1009F8D} = {82495AEF-C581-4D01-AB40-0D5BCE717AB1}
		{12E328EC-7DE6-DEF2-A111-1BC5A703BC1F} = {02EA681E-C7D8-13C7-8484-4AC65E1B71E8}
		{E1BF8FC1-D2FB-B7F7-A0A4-F26308A5148F} = {02EA681E-C7D8-13C7-8484-4AC65E1B71E8}
		{54BADB52-6CD6-94C6-B6FA-E0A7D539B9EF} = {02EA681E-C7D8-13C7-8484-4AC65E1B71E8}
		{25FFA9DB-EDB2-AF0D-08AD-F27526313D17} = {02EA681E-C7D8-13C7-8484-4AC65E1B71E8}
		{B3E6729F-40CD-2D44-A57D-0F5C044B2607} = {82495AEF-C581-4D01-AB40-0D5BCE717AB1}
		{2C670D3A-0567-C4FA-0C25-33C5B1E3DD09} = {82495AEF-C581-4D01-AB40-0D5BCE717AB1}
		{0376ABBC-B0CA-D498-83E2-33A2F4F6182A} = {9B40A41A-0CDD-45EF-ACA0-FF06B0ADCFFB}
		{F2359B45-5A76-DAC1-CE22-F700277D1BBA} = {9B40A41A-0CDD-45EF-ACA0-FF06B0ADCFFB}
		{165F78C5-A3D7-B031-BEF7-FA054423AEA6} = {9B40A41A-0CDD-45EF-ACA0-FF06B0ADCFFB}
		{5A0C3A84-D339-4CCC-AD31-8F26DC481994} = {C3F2B55C-3F5B-4052-B615-58B9EDB7FE64}
		{8BDED974-C717-428C-D7B1-F1A2AF4831F1} = {C3F2B55C-3F5B-4052-B615-58B9EDB7FE64}
		{6CDAB7B3-DE4F-6FF5-06F0-D824F083F1AF} = {02E5F167-BBBD-4183-9B63-D39258F9B131}
		{AC1CD003-DC72-C90D-BDA0-207A89E186BC} = {25B3B076-31D8-407F-B025-B38E81957059}
		{BCB534B7-739E-96EC-BFCE-5D5A7A12A36F} = {25B3B076-31D8-407F-B025-B38E81957059}
		{EDE85D92-590F-3D65-5534-7D3948744F78} = {C9502751-C79A-4D3F-9476-A04E44406F5D}
		{A039143E-4A2A-DD22-EC03-771879B0D08A} = {C9502751-C79A-4D3F-9476-A04E44406F5D}
		{97651EA6-1D21-3D5D-8AD0-AABA198F3CC9} = {C9502751-C79A-4D3F-9476-A04E44406F5D}
		{D23C3245-50E8-014D-414F-8DE5873F3DB6} = {380C4F9B-8797-43A6-BC73-47F9899FACD9}
		{7DDA886F-7022-E231-A5D2-8BDF0FBB44D6} = {380C4F9B-8797-43A6-BC73-47F9899FACD9}
		{E51C7E77-318E-9383-5070-24E8B08C8DA8} = {380C4F9B-8797-43A6-BC73-47F9899FACD9}
		{6BB5A0E4-A3ED-EBD8-B86F-21996AABC09A} = {9356FF63-0C22-4224-991B-3F50D2F875B3}
		{948B931E-367A-A688-41D9-22F99794D491} = {9356FF63-0C22-4224-991B-3F50D2F875B3}
		{6D66FB2E-78BC-2590-8478-7EE7A290EBD1} = {9356FF63-0C22-4224-991B-3F50D2F875B3}
	EndGlobalSection
	GlobalSection(ExtensibilityGlobals) = postSolution
		SolutionGuid = {E4E9BF86-5DE5-4F2F-A60D-136E78CCDA6C}
	EndGlobalSection
EndGlobal
