
Microsoft Visual Studio Solution File, Format Version 12.00
# Visual Studio Version 17
VisualStudioVersion = 17.13.35931.197
MinimumVisualStudioVersion = 10.0.40219.1
Project("{2150E333-8FDC-42A3-9474-1A3956D46DE8}") = "Agent Portal API Gateway", "Agent Portal API Gateway", "{02EA681E-C7D8-13C7-8484-4AC65E1B71E8}"
EndProject
Project("{2150E333-8FDC-42A3-9474-1A3956D46DE8}") = "Auth Service", "Auth Service", "{C5C61284-74F6-4033-806B-7EEB4464DC09}"
EndProject
Project("{2150E333-8FDC-42A3-9474-1A3956D46DE8}") = "Chat Service", "Chat Service", "{47CE91F6-3EAC-4C43-AC15-7128CF394A6F}"
EndProject
Project("{2150E333-8FDC-42A3-9474-1A3956D46DE8}") = "Pricing Service", "Pricing Service", "{398751D7-E3A2-4238-90F4-4469DAE10D6A}"
EndProject
Project("{2150E333-8FDC-42A3-9474-1A3956D46DE8}") = "Policy Service", "Policy Service", "{F112029D-569E-4E84-B091-0963F6416880}"
EndProject
Project("{2150E333-8FDC-42A3-9474-1A3956D46DE8}") = "Policy Search Service", "Policy Search Service", "{34F8E8BB-1D03-48AB-A6CC-03B0B175160F}"
EndProject
Project("{2150E333-8FDC-42A3-9474-1A3956D46DE8}") = "Payment Service", "Payment Service", "{20B13E24-A1B9-4EED-948A-DCD45DF4499B}"
EndProject
Project("{2150E333-8FDC-42A3-9474-1A3956D46DE8}") = "Product Service", "Product Service", "{DFF769CE-ABE2-4B98-9FDF-06B2D554BC4E}"
EndProject
Project("{2150E333-8FDC-42A3-9474-1A3956D46DE8}") = "Document Service", "Document Service", "{F59D0B35-8BFF-48A0-A37B-DA3A19ADFAA0}"
EndProject
Project("{FAE04EC0-301F-11D3-BF4B-00C04F79EFBC}") = "ProductService.Api", "ProductService.Api\ProductService.Api.csproj", "{40A51579-ED92-432E-8DFA-3A0400CFD5E4}"
EndProject
Project("{FAE04EC0-301F-11D3-BF4B-00C04F79EFBC}") = "ProductService", "ProductService\ProductService.csproj", "{20570375-1FBF-43F9-A35D-30018707B540}"
EndProject
Project("{FAE04EC0-301F-11D3-BF4B-00C04F79EFBC}") = "ProductService.Test", "ProductService.Test\ProductService.Test.csproj", "{1CE62B38-DFAA-4808-AE37-A788C63CB830}"
EndProject
Project("{FAE04EC0-301F-11D3-BF4B-00C04F79EFBC}") = "PolicyService.Api", "PolicyService.Api\PolicyService.Api.csproj", "{8BDEDDE2-93A3-4F49-9FBF-CCD997C114D5}"
EndProject
Project("{FAE04EC0-301F-11D3-BF4B-00C04F79EFBC}") = "PolicyService", "PolicyService\PolicyService.csproj", "{11426B89-623D-4674-AA2A-7372B692C146}"
EndProject
Project("{FAE04EC0-301F-11D3-BF4B-00C04F79EFBC}") = "PolicyService.Test", "PolicyService.Test\PolicyService.Test.csproj", "{013AC94F-0BE7-468B-9AA8-33A37A037FF3}"
EndProject
Project("{FAE04EC0-301F-11D3-BF4B-00C04F79EFBC}") = "PricingService.Api", "PricingService.Api\PricingService.Api.csproj", "{5CF8C881-469C-4FF1-89D4-2B6A98610BD4}"
EndProject
Project("{FAE04EC0-301F-11D3-BF4B-00C04F79EFBC}") = "PricingService", "PricingService\PricingService.csproj", "{7BD9C4EF-2561-49E7-BEC3-47E61B19511D}"
EndProject
Project("{FAE04EC0-301F-11D3-BF4B-00C04F79EFBC}") = "PricingService.Test", "PricingService.Test\PricingService.Test.csproj", "{E7BD7BA1-58C3-4095-B686-56CC67ED32D0}"
EndProject
Project("{FAE04EC0-301F-11D3-BF4B-00C04F79EFBC}") = "PaymentService.Api", "PaymentService.Api\PaymentService.Api.csproj", "{625ACA7E-BAB8-4788-BDFC-9CA620E901FA}"
EndProject
Project("{FAE04EC0-301F-11D3-BF4B-00C04F79EFBC}") = "PaymentService", "PaymentService\PaymentService.csproj", "{E0B5D62D-6C3D-4B8F-AFA1-CEE78BB32A96}"
EndProject
Project("{FAE04EC0-301F-11D3-BF4B-00C04F79EFBC}") = "PaymentService.Test", "PaymentService.Test\PaymentService.Test.csproj", "{EE9255E0-DEBE-4CCC-A745-1C6113B71F9B}"
EndProject
Project("{FAE04EC0-301F-11D3-BF4B-00C04F79EFBC}") = "PolicySearchService.Api", "PolicySearchService.Api\PolicySearchService.Api.csproj", "{D562B7A4-B580-4198-A93D-93E7029FE45E}"
EndProject
Project("{FAE04EC0-301F-11D3-BF4B-00C04F79EFBC}") = "PolicySearchService", "PolicySearchService\PolicySearchService.csproj", "{55ED59E6-6FB0-4EBB-938A-82409284227F}"
EndProject
Project("{FAE04EC0-301F-11D3-BF4B-00C04F79EFBC}") = "PolicySearchService.Test", "PolicySearchService.Test\PolicySearchService.Test.csproj", "{FCB00329-1ACB-4003-81BE-AFA4694E4DF7}"
EndProject
Project("{FAE04EC0-301F-11D3-BF4B-00C04F79EFBC}") = "ChatService.Api", "ChatService.Api\ChatService.Api.csproj", "{7FDC114E-00BF-4AB6-BEFE-50BE20939495}"
EndProject
Project("{FAE04EC0-301F-11D3-BF4B-00C04F79EFBC}") = "ChatService", "ChatService\ChatService.csproj", "{70B9EF5D-57AB-4A4F-B059-C3C49B5EBFF1}"
EndProject
Project("{FAE04EC0-301F-11D3-BF4B-00C04F79EFBC}") = "ChatService.Test", "ChatService.Test\ChatService.Test.csproj", "{42D68391-66A6-4415-AA73-A775EA1E831B}"
EndProject
Project("{FAE04EC0-301F-11D3-BF4B-00C04F79EFBC}") = "DocumentService.Api", "DocumentService.Api\DocumentService.Api.csproj", "{FA7E4050-C82D-4872-813C-9D7DF8339FA1}"
EndProject
Project("{FAE04EC0-301F-11D3-BF4B-00C04F79EFBC}") = "DocumentService", "DocumentService\DocumentService.csproj", "{B99A89FF-AB04-481C-B7FC-A9734597240E}"
EndProject
Project("{FAE04EC0-301F-11D3-BF4B-00C04F79EFBC}") = "DocumentService.Test", "DocumentService.Test\DocumentService.Test.csproj", "{90B45244-642B-4905-8735-DF880780D22E}"
EndProject
Project("{FAE04EC0-301F-11D3-BF4B-00C04F79EFBC}") = "AuthService", "AuthService\AuthService.csproj", "{EC4FB159-8649-41FC-8EC4-5F7A28157F98}"
EndProject
Project("{FAE04EC0-301F-11D3-BF4B-00C04F79EFBC}") = "AuthService.Test", "AuthService.Test\AuthService.Test.csproj", "{77E61CD5-B007-4ED5-95BC-48A75C8DEA49}"
EndProject
Project("{FAE04EC0-301F-11D3-BF4B-00C04F79EFBC}") = "AuthService.Api", "AuthService.Api\AuthService.Api.csproj", "{3477C7BC-780F-4A8C-B598-7F677FB1C365}"
EndProject
Project("{2150E333-8FDC-42A3-9474-1A3956D46DE8}") = "Solution Items", "Solution Items", "{8EC462FD-D22E-90A8-E5CE-7E832BA40C5D}"
EndProject
Global
	GlobalSection(SolutionConfigurationPlatforms) = preSolution
		Debug|Any CPU = Debug|Any CPU
		Release|Any CPU = Release|Any CPU
	EndGlobalSection
	GlobalSection(ProjectConfigurationPlatforms) = postSolution
		{40A51579-ED92-432E-8DFA-3A0400CFD5E4}.Debug|Any CPU.ActiveCfg = Debug|Any CPU
		{40A51579-ED92-432E-8DFA-3A0400CFD5E4}.Debug|Any CPU.Build.0 = Debug|Any CPU
		{40A51579-ED92-432E-8DFA-3A0400CFD5E4}.Release|Any CPU.ActiveCfg = Release|Any CPU
		{40A51579-ED92-432E-8DFA-3A0400CFD5E4}.Release|Any CPU.Build.0 = Release|Any CPU
		{20570375-1FBF-43F9-A35D-30018707B540}.Debug|Any CPU.ActiveCfg = Debug|Any CPU
		{20570375-1FBF-43F9-A35D-30018707B540}.Debug|Any CPU.Build.0 = Debug|Any CPU
		{20570375-1FBF-43F9-A35D-30018707B540}.Release|Any CPU.ActiveCfg = Release|Any CPU
		{20570375-1FBF-43F9-A35D-30018707B540}.Release|Any CPU.Build.0 = Release|Any CPU
		{1CE62B38-DFAA-4808-AE37-A788C63CB830}.Debug|Any CPU.ActiveCfg = Debug|Any CPU
		{1CE62B38-DFAA-4808-AE37-A788C63CB830}.Debug|Any CPU.Build.0 = Debug|Any CPU
		{1CE62B38-DFAA-4808-AE37-A788C63CB830}.Release|Any CPU.ActiveCfg = Release|Any CPU
		{1CE62B38-DFAA-4808-AE37-A788C63CB830}.Release|Any CPU.Build.0 = Release|Any CPU
		{8BDEDDE2-93A3-4F49-9FBF-CCD997C114D5}.Debug|Any CPU.ActiveCfg = Debug|Any CPU
		{8BDEDDE2-93A3-4F49-9FBF-CCD997C114D5}.Debug|Any CPU.Build.0 = Debug|Any CPU
		{8BDEDDE2-93A3-4F49-9FBF-CCD997C114D5}.Release|Any CPU.ActiveCfg = Release|Any CPU
		{8BDEDDE2-93A3-4F49-9FBF-CCD997C114D5}.Release|Any CPU.Build.0 = Release|Any CPU
		{11426B89-623D-4674-AA2A-7372B692C146}.Debug|Any CPU.ActiveCfg = Debug|Any CPU
		{11426B89-623D-4674-AA2A-7372B692C146}.Debug|Any CPU.Build.0 = Debug|Any CPU
		{11426B89-623D-4674-AA2A-7372B692C146}.Release|Any CPU.ActiveCfg = Release|Any CPU
		{11426B89-623D-4674-AA2A-7372B692C146}.Release|Any CPU.Build.0 = Release|Any CPU
		{013AC94F-0BE7-468B-9AA8-33A37A037FF3}.Debug|Any CPU.ActiveCfg = Debug|Any CPU
		{013AC94F-0BE7-468B-9AA8-33A37A037FF3}.Debug|Any CPU.Build.0 = Debug|Any CPU
		{013AC94F-0BE7-468B-9AA8-33A37A037FF3}.Release|Any CPU.ActiveCfg = Release|Any CPU
		{013AC94F-0BE7-468B-9AA8-33A37A037FF3}.Release|Any CPU.Build.0 = Release|Any CPU
		{5CF8C881-469C-4FF1-89D4-2B6A98610BD4}.Debug|Any CPU.ActiveCfg = Debug|Any CPU
		{5CF8C881-469C-4FF1-89D4-2B6A98610BD4}.Debug|Any CPU.Build.0 = Debug|Any CPU
		{5CF8C881-469C-4FF1-89D4-2B6A98610BD4}.Release|Any CPU.ActiveCfg = Release|Any CPU
		{5CF8C881-469C-4FF1-89D4-2B6A98610BD4}.Release|Any CPU.Build.0 = Release|Any CPU
		{7BD9C4EF-2561-49E7-BEC3-47E61B19511D}.Debug|Any CPU.ActiveCfg = Debug|Any CPU
		{7BD9C4EF-2561-49E7-BEC3-47E61B19511D}.Debug|Any CPU.Build.0 = Debug|Any CPU
		{7BD9C4EF-2561-49E7-BEC3-47E61B19511D}.Release|Any CPU.ActiveCfg = Release|Any CPU
		{7BD9C4EF-2561-49E7-BEC3-47E61B19511D}.Release|Any CPU.Build.0 = Release|Any CPU
		{E7BD7BA1-58C3-4095-B686-56CC67ED32D0}.Debug|Any CPU.ActiveCfg = Debug|Any CPU
		{E7BD7BA1-58C3-4095-B686-56CC67ED32D0}.Debug|Any CPU.Build.0 = Debug|Any CPU
		{E7BD7BA1-58C3-4095-B686-56CC67ED32D0}.Release|Any CPU.ActiveCfg = Release|Any CPU
		{E7BD7BA1-58C3-4095-B686-56CC67ED32D0}.Release|Any CPU.Build.0 = Release|Any CPU
		{625ACA7E-BAB8-4788-BDFC-9CA620E901FA}.Debug|Any CPU.ActiveCfg = Debug|Any CPU
		{625ACA7E-BAB8-4788-BDFC-9CA620E901FA}.Debug|Any CPU.Build.0 = Debug|Any CPU
		{625ACA7E-BAB8-4788-BDFC-9CA620E901FA}.Release|Any CPU.ActiveCfg = Release|Any CPU
		{625ACA7E-BAB8-4788-BDFC-9CA620E901FA}.Release|Any CPU.Build.0 = Release|Any CPU
		{E0B5D62D-6C3D-4B8F-AFA1-CEE78BB32A96}.Debug|Any CPU.ActiveCfg = Debug|Any CPU
		{E0B5D62D-6C3D-4B8F-AFA1-CEE78BB32A96}.Debug|Any CPU.Build.0 = Debug|Any CPU
		{E0B5D62D-6C3D-4B8F-AFA1-CEE78BB32A96}.Release|Any CPU.ActiveCfg = Release|Any CPU
		{E0B5D62D-6C3D-4B8F-AFA1-CEE78BB32A96}.Release|Any CPU.Build.0 = Release|Any CPU
		{EE9255E0-DEBE-4CCC-A745-1C6113B71F9B}.Debug|Any CPU.ActiveCfg = Debug|Any CPU
		{EE9255E0-DEBE-4CCC-A745-1C6113B71F9B}.Debug|Any CPU.Build.0 = Debug|Any CPU
		{EE9255E0-DEBE-4CCC-A745-1C6113B71F9B}.Release|Any CPU.ActiveCfg = Release|Any CPU
		{EE9255E0-DEBE-4CCC-A745-1C6113B71F9B}.Release|Any CPU.Build.0 = Release|Any CPU
		{D562B7A4-B580-4198-A93D-93E7029FE45E}.Debug|Any CPU.ActiveCfg = Debug|Any CPU
		{D562B7A4-B580-4198-A93D-93E7029FE45E}.Debug|Any CPU.Build.0 = Debug|Any CPU
		{D562B7A4-B580-4198-A93D-93E7029FE45E}.Release|Any CPU.ActiveCfg = Release|Any CPU
		{D562B7A4-B580-4198-A93D-93E7029FE45E}.Release|Any CPU.Build.0 = Release|Any CPU
		{55ED59E6-6FB0-4EBB-938A-82409284227F}.Debug|Any CPU.ActiveCfg = Debug|Any CPU
		{55ED59E6-6FB0-4EBB-938A-82409284227F}.Debug|Any CPU.Build.0 = Debug|Any CPU
		{55ED59E6-6FB0-4EBB-938A-82409284227F}.Release|Any CPU.ActiveCfg = Release|Any CPU
		{55ED59E6-6FB0-4EBB-938A-82409284227F}.Release|Any CPU.Build.0 = Release|Any CPU
		{FCB00329-1ACB-4003-81BE-AFA4694E4DF7}.Debug|Any CPU.ActiveCfg = Debug|Any CPU
		{FCB00329-1ACB-4003-81BE-AFA4694E4DF7}.Debug|Any CPU.Build.0 = Debug|Any CPU
		{FCB00329-1ACB-4003-81BE-AFA4694E4DF7}.Release|Any CPU.ActiveCfg = Release|Any CPU
		{FCB00329-1ACB-4003-81BE-AFA4694E4DF7}.Release|Any CPU.Build.0 = Release|Any CPU
		{7FDC114E-00BF-4AB6-BEFE-50BE20939495}.Debug|Any CPU.ActiveCfg = Debug|Any CPU
		{7FDC114E-00BF-4AB6-BEFE-50BE20939495}.Debug|Any CPU.Build.0 = Debug|Any CPU
		{7FDC114E-00BF-4AB6-BEFE-50BE20939495}.Release|Any CPU.ActiveCfg = Release|Any CPU
		{7FDC114E-00BF-4AB6-BEFE-50BE20939495}.Release|Any CPU.Build.0 = Release|Any CPU
		{70B9EF5D-57AB-4A4F-B059-C3C49B5EBFF1}.Debug|Any CPU.ActiveCfg = Debug|Any CPU
		{70B9EF5D-57AB-4A4F-B059-C3C49B5EBFF1}.Debug|Any CPU.Build.0 = Debug|Any CPU
		{70B9EF5D-57AB-4A4F-B059-C3C49B5EBFF1}.Release|Any CPU.ActiveCfg = Release|Any CPU
		{70B9EF5D-57AB-4A4F-B059-C3C49B5EBFF1}.Release|Any CPU.Build.0 = Release|Any CPU
		{42D68391-66A6-4415-AA73-A775EA1E831B}.Debug|Any CPU.ActiveCfg = Debug|Any CPU
		{42D68391-66A6-4415-AA73-A775EA1E831B}.Debug|Any CPU.Build.0 = Debug|Any CPU
		{42D68391-66A6-4415-AA73-A775EA1E831B}.Release|Any CPU.ActiveCfg = Release|Any CPU
		{42D68391-66A6-4415-AA73-A775EA1E831B}.Release|Any CPU.Build.0 = Release|Any CPU
		{FA7E4050-C82D-4872-813C-9D7DF8339FA1}.Debug|Any CPU.ActiveCfg = Debug|Any CPU
		{FA7E4050-C82D-4872-813C-9D7DF8339FA1}.Debug|Any CPU.Build.0 = Debug|Any CPU
		{FA7E4050-C82D-4872-813C-9D7DF8339FA1}.Release|Any CPU.ActiveCfg = Release|Any CPU
		{FA7E4050-C82D-4872-813C-9D7DF8339FA1}.Release|Any CPU.Build.0 = Release|Any CPU
		{B99A89FF-AB04-481C-B7FC-A9734597240E}.Debug|Any CPU.ActiveCfg = Debug|Any CPU
		{B99A89FF-AB04-481C-B7FC-A9734597240E}.Debug|Any CPU.Build.0 = Debug|Any CPU
		{B99A89FF-AB04-481C-B7FC-A9734597240E}.Release|Any CPU.ActiveCfg = Release|Any CPU
		{B99A89FF-AB04-481C-B7FC-A9734597240E}.Release|Any CPU.Build.0 = Release|Any CPU
		{90B45244-642B-4905-8735-DF880780D22E}.Debug|Any CPU.ActiveCfg = Debug|Any CPU
		{90B45244-642B-4905-8735-DF880780D22E}.Debug|Any CPU.Build.0 = Debug|Any CPU
		{90B45244-642B-4905-8735-DF880780D22E}.Release|Any CPU.ActiveCfg = Release|Any CPU
		{90B45244-642B-4905-8735-DF880780D22E}.Release|Any CPU.Build.0 = Release|Any CPU
		{EC4FB159-8649-41FC-8EC4-5F7A28157F98}.Debug|Any CPU.ActiveCfg = Debug|Any CPU
		{EC4FB159-8649-41FC-8EC4-5F7A28157F98}.Debug|Any CPU.Build.0 = Debug|Any CPU
		{EC4FB159-8649-41FC-8EC4-5F7A28157F98}.Release|Any CPU.ActiveCfg = Release|Any CPU
		{EC4FB159-8649-41FC-8EC4-5F7A28157F98}.Release|Any CPU.Build.0 = Release|Any CPU
		{77E61CD5-B007-4ED5-95BC-48A75C8DEA49}.Debug|Any CPU.ActiveCfg = Debug|Any CPU
		{77E61CD5-B007-4ED5-95BC-48A75C8DEA49}.Debug|Any CPU.Build.0 = Debug|Any CPU
		{77E61CD5-B007-4ED5-95BC-48A75C8DEA49}.Release|Any CPU.ActiveCfg = Release|Any CPU
		{77E61CD5-B007-4ED5-95BC-48A75C8DEA49}.Release|Any CPU.Build.0 = Release|Any CPU
		{3477C7BC-780F-4A8C-B598-7F677FB1C365}.Debug|Any CPU.ActiveCfg = Debug|Any CPU
		{3477C7BC-780F-4A8C-B598-7F677FB1C365}.Debug|Any CPU.Build.0 = Debug|Any CPU
		{3477C7BC-780F-4A8C-B598-7F677FB1C365}.Release|Any CPU.ActiveCfg = Release|Any CPU
		{3477C7BC-780F-4A8C-B598-7F677FB1C365}.Release|Any CPU.Build.0 = Release|Any CPU
	EndGlobalSection
	GlobalSection(SolutionProperties) = preSolution
		HideSolutionNode = FALSE
	EndGlobalSection
	GlobalSection(NestedProjects) = preSolution
		{40A51579-ED92-432E-8DFA-3A0400CFD5E4} = {DFF769CE-ABE2-4B98-9FDF-06B2D554BC4E}
		{20570375-1FBF-43F9-A35D-30018707B540} = {DFF769CE-ABE2-4B98-9FDF-06B2D554BC4E}
		{1CE62B38-DFAA-4808-AE37-A788C63CB830} = {DFF769CE-ABE2-4B98-9FDF-06B2D554BC4E}
		{8BDEDDE2-93A3-4F49-9FBF-CCD997C114D5} = {F112029D-569E-4E84-B091-0963F6416880}
		{11426B89-623D-4674-AA2A-7372B692C146} = {F112029D-569E-4E84-B091-0963F6416880}
		{013AC94F-0BE7-468B-9AA8-33A37A037FF3} = {F112029D-569E-4E84-B091-0963F6416880}
		{5CF8C881-469C-4FF1-89D4-2B6A98610BD4} = {398751D7-E3A2-4238-90F4-4469DAE10D6A}
		{7BD9C4EF-2561-49E7-BEC3-47E61B19511D} = {398751D7-E3A2-4238-90F4-4469DAE10D6A}
		{E7BD7BA1-58C3-4095-B686-56CC67ED32D0} = {398751D7-E3A2-4238-90F4-4469DAE10D6A}
		{625ACA7E-BAB8-4788-BDFC-9CA620E901FA} = {20B13E24-A1B9-4EED-948A-DCD45DF4499B}
		{E0B5D62D-6C3D-4B8F-AFA1-CEE78BB32A96} = {20B13E24-A1B9-4EED-948A-DCD45DF4499B}
		{EE9255E0-DEBE-4CCC-A745-1C6113B71F9B} = {20B13E24-A1B9-4EED-948A-DCD45DF4499B}
		{D562B7A4-B580-4198-A93D-93E7029FE45E} = {34F8E8BB-1D03-48AB-A6CC-03B0B175160F}
		{55ED59E6-6FB0-4EBB-938A-82409284227F} = {34F8E8BB-1D03-48AB-A6CC-03B0B175160F}
		{FCB00329-1ACB-4003-81BE-AFA4694E4DF7} = {34F8E8BB-1D03-48AB-A6CC-03B0B175160F}
		{7FDC114E-00BF-4AB6-BEFE-50BE20939495} = {47CE91F6-3EAC-4C43-AC15-7128CF394A6F}
		{70B9EF5D-57AB-4A4F-B059-C3C49B5EBFF1} = {47CE91F6-3EAC-4C43-AC15-7128CF394A6F}
		{42D68391-66A6-4415-AA73-A775EA1E831B} = {47CE91F6-3EAC-4C43-AC15-7128CF394A6F}
		{FA7E4050-C82D-4872-813C-9D7DF8339FA1} = {F59D0B35-8BFF-48A0-A37B-DA3A19ADFAA0}
		{B99A89FF-AB04-481C-B7FC-A9734597240E} = {F59D0B35-8BFF-48A0-A37B-DA3A19ADFAA0}
		{90B45244-642B-4905-8735-DF880780D22E} = {F59D0B35-8BFF-48A0-A37B-DA3A19ADFAA0}
		{EC4FB159-8649-41FC-8EC4-5F7A28157F98} = {C5C61284-74F6-4033-806B-7EEB4464DC09}
		{77E61CD5-B007-4ED5-95BC-48A75C8DEA49} = {C5C61284-74F6-4033-806B-7EEB4464DC09}
		{3477C7BC-780F-4A8C-B598-7F677FB1C365} = {C5C61284-74F6-4033-806B-7EEB4464DC09}
	EndGlobalSection
	GlobalSection(ExtensibilityGlobals) = postSolution
		SolutionGuid = {DAA95552-AA15-4C92-A8B2-036B83C724DD}
	EndGlobalSection
EndGlobal
